
Microsoft Visual Studio Solution File, Format Version 12.00
# Visual Studio Version 17
VisualStudioVersion = 17.13.35919.96 d17.13
MinimumVisualStudioVersion = 10.0.40219.1
Project("{FAE04EC0-301F-11D3-BF4B-00C04F79EFBC}") = "HotelReservation.Api", "HotelReservation.Api\HotelReservation.Api.csproj", "{D3B0C759-7578-4FEA-8CA0-38D4936F8BD8}"
EndProject
Global
	GlobalSection(SolutionConfigurationPlatforms) = preSolution
		Debug|Any CPU = Debug|Any CPU
		Release|Any CPU = Release|Any CPU
	EndGlobalSection
	GlobalSection(ProjectConfigurationPlatforms) = postSolution
		{D3B0C759-7578-4FEA-8CA0-38D4936F8BD8}.Debug|Any CPU.ActiveCfg = Debug|Any CPU
		{D3B0C759-7578-4FEA-8CA0-38D4936F8BD8}.Debug|Any CPU.Build.0 = Debug|Any CPU
		{D3B0C759-7578-4FEA-8CA0-38D4936F8BD8}.Release|Any CPU.ActiveCfg = Release|Any CPU
		{D3B0C759-7578-4FEA-8CA0-38D4936F8BD8}.Release|Any CPU.Build.0 = Release|Any CPU
	EndGlobalSection
	GlobalSection(SolutionProperties) = preSolution
		HideSolutionNode = FALSE
	EndGlobalSection
	GlobalSection(ExtensibilityGlobals) = postSolution
		SolutionGuid = {7CBC1CBF-B0BC-46EB-9809-061A6DD90944}
	EndGlobalSection
EndGlobal
